
Microsoft Visual Studio Solution File, Format Version 12.00
# Visual Studio Version 17
VisualStudioVersion = 17.4.33110.190
MinimumVisualStudioVersion = 10.0.40219.1
Project("{FAE04EC0-301F-11D3-BF4B-00C04F79EFBC}") = "4.2. three cycle", "4.2. three cycle\4.2. three cycle.csproj", "{6CB8CAB0-09E8-44D4-A956-3A6EF3A03C34}"
EndProject
Global
	GlobalSection(SolutionConfigurationPlatforms) = preSolution
		Debug|Any CPU = Debug|Any CPU
		Release|Any CPU = Release|Any CPU
	EndGlobalSection
	GlobalSection(ProjectConfigurationPlatforms) = postSolution
		{6CB8CAB0-09E8-44D4-A956-3A6EF3A03C34}.Debug|Any CPU.ActiveCfg = Debug|Any CPU
		{6CB8CAB0-09E8-44D4-A956-3A6EF3A03C34}.Debug|Any CPU.Build.0 = Debug|Any CPU
		{6CB8CAB0-09E8-44D4-A956-3A6EF3A03C34}.Release|Any CPU.ActiveCfg = Release|Any CPU
		{6CB8CAB0-09E8-44D4-A956-3A6EF3A03C34}.Release|Any CPU.Build.0 = Release|Any CPU
	EndGlobalSection
	GlobalSection(SolutionProperties) = preSolution
		HideSolutionNode = FALSE
	EndGlobalSection
	GlobalSection(ExtensibilityGlobals) = postSolution
		SolutionGuid = {8FF35BCD-5A51-4B19-9519-06C8B52D47BA}
	EndGlobalSection
EndGlobal
